
Microsoft Visual Studio Solution File, Format Version 12.00
# Visual Studio 15
VisualStudioVersion = 15.0.27703.2047
MinimumVisualStudioVersion = 10.0.40219.1
Project("{FAE04EC0-301F-11D3-BF4B-00C04F79EFBC}") = "KendoApplication", "KendoApplication\KendoApplication.csproj", "{12EB8BE4-BF84-4979-8EBF-888C3C5613C0}"
EndProject
Global
	GlobalSection(SolutionConfigurationPlatforms) = preSolution
		Debug|Any CPU = Debug|Any CPU
		Release|Any CPU = Release|Any CPU
	EndGlobalSection
	GlobalSection(ProjectConfigurationPlatforms) = postSolution
		{12EB8BE4-BF84-4979-8EBF-888C3C5613C0}.Debug|Any CPU.ActiveCfg = Debug|Any CPU
		{12EB8BE4-BF84-4979-8EBF-888C3C5613C0}.Debug|Any CPU.Build.0 = Debug|Any CPU
		{12EB8BE4-BF84-4979-8EBF-888C3C5613C0}.Release|Any CPU.ActiveCfg = Release|Any CPU
		{12EB8BE4-BF84-4979-8EBF-888C3C5613C0}.Release|Any CPU.Build.0 = Release|Any CPU
	EndGlobalSection
	GlobalSection(SolutionProperties) = preSolution
		HideSolutionNode = FALSE
	EndGlobalSection
	GlobalSection(ExtensibilityGlobals) = postSolution
		SolutionGuid = {688A2297-1F11-4F81-8821-02B8912DE24D}
	EndGlobalSection
EndGlobal
